
Microsoft Visual Studio Solution File, Format Version 11.00
# Visual Studio 2010
Project("{8BC9CEB8-8B4A-11D0-8D11-00A0C91BC942}") = "Empty SDL App", "SDL App.vcxproj", "{B0ADA8ED-EE63-48BC-A8AA-3412C43499D0}"
EndProject
Project("{8BC9CEB8-8B4A-11D0-8D11-00A0C91BC942}") = "linklist.h", "..\linklist.h\linklist.h.vcxproj", "{99C274DB-8692-4CE8-A65C-DDE3F8DEA312}"
EndProject
Global
	GlobalSection(SolutionConfigurationPlatforms) = preSolution
		Debug|Win32 = Debug|Win32
		Release|Win32 = Release|Win32
	EndGlobalSection
	GlobalSection(ProjectConfigurationPlatforms) = postSolution
		{B0ADA8ED-EE63-48BC-A8AA-3412C43499D0}.Debug|Win32.ActiveCfg = Debug|Win32
		{B0ADA8ED-EE63-48BC-A8AA-3412C43499D0}.Debug|Win32.Build.0 = Debug|Win32
		{B0ADA8ED-EE63-48BC-A8AA-3412C43499D0}.Release|Win32.ActiveCfg = Release|Win32
		{B0ADA8ED-EE63-48BC-A8AA-3412C43499D0}.Release|Win32.Build.0 = Release|Win32
		{99C274DB-8692-4CE8-A65C-DDE3F8DEA312}.Debug|Win32.ActiveCfg = Debug|Win32
		{99C274DB-8692-4CE8-A65C-DDE3F8DEA312}.Debug|Win32.Build.0 = Debug|Win32
		{99C274DB-8692-4CE8-A65C-DDE3F8DEA312}.Release|Win32.ActiveCfg = Release|Win32
		{99C274DB-8692-4CE8-A65C-DDE3F8DEA312}.Release|Win32.Build.0 = Release|Win32
	EndGlobalSection
	GlobalSection(SolutionProperties) = preSolution
		HideSolutionNode = FALSE
	EndGlobalSection
EndGlobal
